
Microsoft Visual Studio Solution File, Format Version 11.00
# Visual Studio 2010
Project("{FAE04EC0-301F-11D3-BF4B-00C04F79EFBC}") = "UnityEngine.TestRunner", "UnityEngine.TestRunner.csproj", "{c7a30860-ab06-fac5-8cf2-f773614efc9d}"
EndProject
Project("{FAE04EC0-301F-11D3-BF4B-00C04F79EFBC}") = "Unity.Timeline", "Unity.Timeline.csproj", "{a615fd9a-cd2a-7153-d2a1-241eab01d177}"
EndProject
Project("{FAE04EC0-301F-11D3-BF4B-00C04F79EFBC}") = "UnityEngine.UI", "UnityEngine.UI.csproj", "{60bb4b81-1500-bf6a-8e50-8b871db01a99}"
EndProject
Project("{FAE04EC0-301F-11D3-BF4B-00C04F79EFBC}") = "Unity.TextMeshPro", "Unity.TextMeshPro.csproj", "{19a4b758-3fbb-32ff-6b53-d1d4a94c302c}"
EndProject
Project("{FAE04EC0-301F-11D3-BF4B-00C04F79EFBC}") = "Assembly-CSharp", "Assembly-CSharp.csproj", "{0ab3eee9-b1bf-99b5-979e-712305f6805f}"
EndProject
Project("{FAE04EC0-301F-11D3-BF4B-00C04F79EFBC}") = "UnityEditor.TestRunner", "UnityEditor.TestRunner.csproj", "{616921c3-ea22-30a6-c25d-678df522070a}"
EndProject
Project("{FAE04EC0-301F-11D3-BF4B-00C04F79EFBC}") = "Unity.PlasticSCM.Editor", "Unity.PlasticSCM.Editor.csproj", "{237e5105-134c-35c9-2a08-6011cad4c19f}"
EndProject
Project("{FAE04EC0-301F-11D3-BF4B-00C04F79EFBC}") = "UnityEditor.UI", "UnityEditor.UI.csproj", "{b8dc6185-9c27-10f8-10ca-875e47906e23}"
EndProject
Project("{FAE04EC0-301F-11D3-BF4B-00C04F79EFBC}") = "Unity.Services.Core.Editor", "Unity.Services.Core.Editor.csproj", "{64e1f6ce-8753-9a03-94ab-2a1e18ad1e09}"
EndProject
Project("{FAE04EC0-301F-11D3-BF4B-00C04F79EFBC}") = "Unity.Timeline.Editor", "Unity.Timeline.Editor.csproj", "{b68c2c8c-3716-112f-dea3-00c474afbdc9}"
EndProject
Project("{FAE04EC0-301F-11D3-BF4B-00C04F79EFBC}") = "Unity.VisualStudio.Editor", "Unity.VisualStudio.Editor.csproj", "{0e658a5a-de9c-a520-b387-e302ff136c88}"
EndProject
Project("{FAE04EC0-301F-11D3-BF4B-00C04F79EFBC}") = "Unity.TextMeshPro.Editor", "Unity.TextMeshPro.Editor.csproj", "{5213e055-151c-d1a0-9480-020fa5cd6d89}"
EndProject
Project("{FAE04EC0-301F-11D3-BF4B-00C04F79EFBC}") = "Unity.CollabProxy.Editor", "Unity.CollabProxy.Editor.csproj", "{07779512-97be-00b7-01b6-1153badc7b35}"
EndProject
Project("{FAE04EC0-301F-11D3-BF4B-00C04F79EFBC}") = "Unity.Rider.Editor", "Unity.Rider.Editor.csproj", "{56b8fb4d-9cc9-f8c5-979c-ef8d1b40c6eb}"
EndProject
Project("{FAE04EC0-301F-11D3-BF4B-00C04F79EFBC}") = "Unity.VSCode.Editor", "Unity.VSCode.Editor.csproj", "{1ef9f276-6456-0755-8c5c-d8af81627fab}"
EndProject
Global
	GlobalSection(SolutionConfigurationPlatforms) = preSolution
		Debug|Any CPU = Debug|Any CPU
	EndGlobalSection
	GlobalSection(ProjectConfigurationPlatforms) = postSolution
		{c7a30860-ab06-fac5-8cf2-f773614efc9d}.Debug|Any CPU.ActiveCfg = Debug|Any CPU
		{c7a30860-ab06-fac5-8cf2-f773614efc9d}.Debug|Any CPU.Build.0 = Debug|Any CPU
		{a615fd9a-cd2a-7153-d2a1-241eab01d177}.Debug|Any CPU.ActiveCfg = Debug|Any CPU
		{a615fd9a-cd2a-7153-d2a1-241eab01d177}.Debug|Any CPU.Build.0 = Debug|Any CPU
		{60bb4b81-1500-bf6a-8e50-8b871db01a99}.Debug|Any CPU.ActiveCfg = Debug|Any CPU
		{60bb4b81-1500-bf6a-8e50-8b871db01a99}.Debug|Any CPU.Build.0 = Debug|Any CPU
		{19a4b758-3fbb-32ff-6b53-d1d4a94c302c}.Debug|Any CPU.ActiveCfg = Debug|Any CPU
		{19a4b758-3fbb-32ff-6b53-d1d4a94c302c}.Debug|Any CPU.Build.0 = Debug|Any CPU
		{0ab3eee9-b1bf-99b5-979e-712305f6805f}.Debug|Any CPU.ActiveCfg = Debug|Any CPU
		{0ab3eee9-b1bf-99b5-979e-712305f6805f}.Debug|Any CPU.Build.0 = Debug|Any CPU
		{616921c3-ea22-30a6-c25d-678df522070a}.Debug|Any CPU.ActiveCfg = Debug|Any CPU
		{616921c3-ea22-30a6-c25d-678df522070a}.Debug|Any CPU.Build.0 = Debug|Any CPU
		{237e5105-134c-35c9-2a08-6011cad4c19f}.Debug|Any CPU.ActiveCfg = Debug|Any CPU
		{237e5105-134c-35c9-2a08-6011cad4c19f}.Debug|Any CPU.Build.0 = Debug|Any CPU
		{b8dc6185-9c27-10f8-10ca-875e47906e23}.Debug|Any CPU.ActiveCfg = Debug|Any CPU
		{b8dc6185-9c27-10f8-10ca-875e47906e23}.Debug|Any CPU.Build.0 = Debug|Any CPU
		{64e1f6ce-8753-9a03-94ab-2a1e18ad1e09}.Debug|Any CPU.ActiveCfg = Debug|Any CPU
		{64e1f6ce-8753-9a03-94ab-2a1e18ad1e09}.Debug|Any CPU.Build.0 = Debug|Any CPU
		{b68c2c8c-3716-112f-dea3-00c474afbdc9}.Debug|Any CPU.ActiveCfg = Debug|Any CPU
		{b68c2c8c-3716-112f-dea3-00c474afbdc9}.Debug|Any CPU.Build.0 = Debug|Any CPU
		{0e658a5a-de9c-a520-b387-e302ff136c88}.Debug|Any CPU.ActiveCfg = Debug|Any CPU
		{0e658a5a-de9c-a520-b387-e302ff136c88}.Debug|Any CPU.Build.0 = Debug|Any CPU
		{5213e055-151c-d1a0-9480-020fa5cd6d89}.Debug|Any CPU.ActiveCfg = Debug|Any CPU
		{5213e055-151c-d1a0-9480-020fa5cd6d89}.Debug|Any CPU.Build.0 = Debug|Any CPU
		{07779512-97be-00b7-01b6-1153badc7b35}.Debug|Any CPU.ActiveCfg = Debug|Any CPU
		{07779512-97be-00b7-01b6-1153badc7b35}.Debug|Any CPU.Build.0 = Debug|Any CPU
		{56b8fb4d-9cc9-f8c5-979c-ef8d1b40c6eb}.Debug|Any CPU.ActiveCfg = Debug|Any CPU
		{56b8fb4d-9cc9-f8c5-979c-ef8d1b40c6eb}.Debug|Any CPU.Build.0 = Debug|Any CPU
		{1ef9f276-6456-0755-8c5c-d8af81627fab}.Debug|Any CPU.ActiveCfg = Debug|Any CPU
		{1ef9f276-6456-0755-8c5c-d8af81627fab}.Debug|Any CPU.Build.0 = Debug|Any CPU
	EndGlobalSection
	GlobalSection(SolutionProperties) = preSolution
		HideSolutionNode = FALSE
	EndGlobalSection
EndGlobal
